
Microsoft Visual Studio Solution File, Format Version 12.00
# Visual Studio Version 17
VisualStudioVersion = 17.14.36915.13
MinimumVisualStudioVersion = 10.0.40219.1
Project("{FAE04EC0-301F-11D3-BF4B-00C04F79EFBC}") = "CSharpFundamentals", "UdemyInterviewCourse\CSharpFundamentals.csproj", "{B202D02D-B725-4E02-9757-40824D107A73}"
EndProject
Project("{FAE04EC0-301F-11D3-BF4B-00C04F79EFBC}") = "TupleVsValueTuple", "TupleVsValueTuple\TupleVsValueTuple.csproj", "{F086057C-628D-42E1-B721-C6382B935348}"
EndProject
Project("{FAE04EC0-301F-11D3-BF4B-00C04F79EFBC}") = "IsVsAs", "IsVsAs\IsVsAs.csproj", "{5DDED56A-E6AD-47FA-8678-D90095B13D64}"
EndProject
Project("{FAE04EC0-301F-11D3-BF4B-00C04F79EFBC}") = "Using", "Using\Using.csproj", "{B8A5D7E4-6AEB-485F-9B0B-BFA59A9014F7}"
EndProject
Project("{FAE04EC0-301F-11D3-BF4B-00C04F79EFBC}") = "DynamicKeyword", "DynamicKeyword\DynamicKeyword.csproj", "{7A24BDBE-A9F1-4D6B-BE61-9833B65F8E08}"
EndProject
Project("{FAE04EC0-301F-11D3-BF4B-00C04F79EFBC}") = "ExpressionBodiedMembers", "ExpressionBodiedMembers\ExpressionBodiedMembers.csproj", "{6583481F-FB72-4695-B790-76F748027F11}"
EndProject
Project("{FAE04EC0-301F-11D3-BF4B-00C04F79EFBC}") = "FuncsAndLambdaExpressions", "FuncsAndLambdaExpressions\FuncsAndLambdaExpressions.csproj", "{2C6047B7-3D8E-4763-92CF-F8E5636DD504}"
EndProject
Project("{FAE04EC0-301F-11D3-BF4B-00C04F79EFBC}") = "Delegates", "Delegates\Delegates.csproj", "{0BD43745-D869-4BD6-91ED-E84D881C828E}"
EndProject
Project("{FAE04EC0-301F-11D3-BF4B-00C04F79EFBC}") = "DisposeVsFinalize", "DisposeVsFinalize\DisposeVsFinalize.csproj", "{9B7F9C29-03E3-4124-925D-66F4D10E88FC}"
EndProject
Project("{FAE04EC0-301F-11D3-BF4B-00C04F79EFBC}") = "DefaultInterfaceImplementation", "DefaultInterfaceImplementation\DefaultInterfaceImplementation.csproj", "{11334B1A-F7C7-43A7-85C8-5E76925E7B8D}"
EndProject
Project("{FAE04EC0-301F-11D3-BF4B-00C04F79EFBC}") = "Deconstruction", "Deconstruction\Deconstruction.csproj", "{83AFD568-597D-4B67-91E2-AC0888CF1567}"
EndProject
Project("{FAE04EC0-301F-11D3-BF4B-00C04F79EFBC}") = "CatchException", "CatchException\CatchException.csproj", "{C331B238-7402-4128-8A60-CCC35936A0D7}"
EndProject
Project("{FAE04EC0-301F-11D3-BF4B-00C04F79EFBC}") = "ThrowThrowEx", "ThrowThrowEx\ThrowThrowEx.csproj", "{39407796-5B3D-4524-A347-22684877C334}"
EndProject
Project("{FAE04EC0-301F-11D3-BF4B-00C04F79EFBC}") = "TypeOfAndGetType", "TypeOfAndGetType\TypeOfAndGetType.csproj", "{71063584-4BA1-407A-AF64-895AFD80BFA4}"
EndProject
Project("{FAE04EC0-301F-11D3-BF4B-00C04F79EFBC}") = "Reflection", "Reflection\Reflection.csproj", "{2C314136-0797-4AA5-9646-E5A1020711AD}"
EndProject
Project("{FAE04EC0-301F-11D3-BF4B-00C04F79EFBC}") = "Attributes", "Attributes\Attributes.csproj", "{8C0619AC-355C-48F9-AD7A-DEBFD1DDB1E5}"
EndProject
Project("{FAE04EC0-301F-11D3-BF4B-00C04F79EFBC}") = "Serialization", "Serialization\Serialization.csproj", "{3FF808A3-1E19-49B0-81F9-8168CF6BC692}"
EndProject
Project("{FAE04EC0-301F-11D3-BF4B-00C04F79EFBC}") = "PatternMatching", "PatternMatching\PatternMatching.csproj", "{C853FE5A-E6A9-4C85-B9C0-B07CE7873EF4}"
EndProject
Project("{FAE04EC0-301F-11D3-BF4B-00C04F79EFBC}") = "CheckedKeyword", "CheckedKeyword\CheckedKeyword.csproj", "{FF6E274B-FA3A-40EE-A4F8-2EB1D631BF47}"
EndProject
Project("{FAE04EC0-301F-11D3-BF4B-00C04F79EFBC}") = "DecimalVsDouble", "DecimalVsDouble\DecimalVsDouble.csproj", "{613E180C-A08D-4532-942A-66D6416FCC37}"
EndProject
Project("{FAE04EC0-301F-11D3-BF4B-00C04F79EFBC}") = "Array", "Array\Array.csproj", "{8107E4BE-A95D-43D1-8D8C-4F5E706A8C3E}"
EndProject
Project("{FAE04EC0-301F-11D3-BF4B-00C04F79EFBC}") = "Lists", "Lists\Lists.csproj", "{97DA01A0-144C-4804-A31A-564D4F72D868}"
EndProject
Project("{FAE04EC0-301F-11D3-BF4B-00C04F79EFBC}") = "ArrayLists", "ArrayLists\ArrayLists.csproj", "{23B8BD50-1FC1-4947-9608-8BA0D46B8424}"
EndProject
Project("{FAE04EC0-301F-11D3-BF4B-00C04F79EFBC}") = "GetHashCodeMethod", "GetCashCodeMethod\GetHashCodeMethod.csproj", "{F893BEA5-0723-493F-91E7-453529672D93}"
EndProject
Project("{FAE04EC0-301F-11D3-BF4B-00C04F79EFBC}") = "Dictionary", "Dictionary\Dictionary.csproj", "{4AC4049E-E43D-4B44-B50C-B856EBC9B844}"
EndProject
Project("{FAE04EC0-301F-11D3-BF4B-00C04F79EFBC}") = "Indexers", "Indexers\Indexers.csproj", "{E2FAE390-DD7B-45EA-A404-B0C374E4DCE9}"
EndProject
Project("{FAE04EC0-301F-11D3-BF4B-00C04F79EFBC}") = "Caching", "Caching\Caching.csproj", "{7E37200A-51CC-4FCC-9F07-0CE674EE54EB}"
EndProject
Global
	GlobalSection(SolutionConfigurationPlatforms) = preSolution
		Debug|Any CPU = Debug|Any CPU
		Release|Any CPU = Release|Any CPU
	EndGlobalSection
	GlobalSection(ProjectConfigurationPlatforms) = postSolution
		{B202D02D-B725-4E02-9757-40824D107A73}.Debug|Any CPU.ActiveCfg = Debug|Any CPU
		{B202D02D-B725-4E02-9757-40824D107A73}.Debug|Any CPU.Build.0 = Debug|Any CPU
		{B202D02D-B725-4E02-9757-40824D107A73}.Release|Any CPU.ActiveCfg = Release|Any CPU
		{B202D02D-B725-4E02-9757-40824D107A73}.Release|Any CPU.Build.0 = Release|Any CPU
		{F086057C-628D-42E1-B721-C6382B935348}.Debug|Any CPU.ActiveCfg = Debug|Any CPU
		{F086057C-628D-42E1-B721-C6382B935348}.Debug|Any CPU.Build.0 = Debug|Any CPU
		{F086057C-628D-42E1-B721-C6382B935348}.Release|Any CPU.ActiveCfg = Release|Any CPU
		{F086057C-628D-42E1-B721-C6382B935348}.Release|Any CPU.Build.0 = Release|Any CPU
		{5DDED56A-E6AD-47FA-8678-D90095B13D64}.Debug|Any CPU.ActiveCfg = Debug|Any CPU
		{5DDED56A-E6AD-47FA-8678-D90095B13D64}.Debug|Any CPU.Build.0 = Debug|Any CPU
		{5DDED56A-E6AD-47FA-8678-D90095B13D64}.Release|Any CPU.ActiveCfg = Release|Any CPU
		{5DDED56A-E6AD-47FA-8678-D90095B13D64}.Release|Any CPU.Build.0 = Release|Any CPU
		{B8A5D7E4-6AEB-485F-9B0B-BFA59A9014F7}.Debug|Any CPU.ActiveCfg = Debug|Any CPU
		{B8A5D7E4-6AEB-485F-9B0B-BFA59A9014F7}.Debug|Any CPU.Build.0 = Debug|Any CPU
		{B8A5D7E4-6AEB-485F-9B0B-BFA59A9014F7}.Release|Any CPU.ActiveCfg = Release|Any CPU
		{B8A5D7E4-6AEB-485F-9B0B-BFA59A9014F7}.Release|Any CPU.Build.0 = Release|Any CPU
		{7A24BDBE-A9F1-4D6B-BE61-9833B65F8E08}.Debug|Any CPU.ActiveCfg = Debug|Any CPU
		{7A24BDBE-A9F1-4D6B-BE61-9833B65F8E08}.Debug|Any CPU.Build.0 = Debug|Any CPU
		{7A24BDBE-A9F1-4D6B-BE61-9833B65F8E08}.Release|Any CPU.ActiveCfg = Release|Any CPU
		{7A24BDBE-A9F1-4D6B-BE61-9833B65F8E08}.Release|Any CPU.Build.0 = Release|Any CPU
		{6583481F-FB72-4695-B790-76F748027F11}.Debug|Any CPU.ActiveCfg = Debug|Any CPU
		{6583481F-FB72-4695-B790-76F748027F11}.Debug|Any CPU.Build.0 = Debug|Any CPU
		{6583481F-FB72-4695-B790-76F748027F11}.Release|Any CPU.ActiveCfg = Release|Any CPU
		{6583481F-FB72-4695-B790-76F748027F11}.Release|Any CPU.Build.0 = Release|Any CPU
		{2C6047B7-3D8E-4763-92CF-F8E5636DD504}.Debug|Any CPU.ActiveCfg = Debug|Any CPU
		{2C6047B7-3D8E-4763-92CF-F8E5636DD504}.Debug|Any CPU.Build.0 = Debug|Any CPU
		{2C6047B7-3D8E-4763-92CF-F8E5636DD504}.Release|Any CPU.ActiveCfg = Release|Any CPU
		{2C6047B7-3D8E-4763-92CF-F8E5636DD504}.Release|Any CPU.Build.0 = Release|Any CPU
		{0BD43745-D869-4BD6-91ED-E84D881C828E}.Debug|Any CPU.ActiveCfg = Debug|Any CPU
		{0BD43745-D869-4BD6-91ED-E84D881C828E}.Debug|Any CPU.Build.0 = Debug|Any CPU
		{0BD43745-D869-4BD6-91ED-E84D881C828E}.Release|Any CPU.ActiveCfg = Release|Any CPU
		{0BD43745-D869-4BD6-91ED-E84D881C828E}.Release|Any CPU.Build.0 = Release|Any CPU
		{9B7F9C29-03E3-4124-925D-66F4D10E88FC}.Debug|Any CPU.ActiveCfg = Debug|Any CPU
		{9B7F9C29-03E3-4124-925D-66F4D10E88FC}.Debug|Any CPU.Build.0 = Debug|Any CPU
		{9B7F9C29-03E3-4124-925D-66F4D10E88FC}.Release|Any CPU.ActiveCfg = Release|Any CPU
		{9B7F9C29-03E3-4124-925D-66F4D10E88FC}.Release|Any CPU.Build.0 = Release|Any CPU
		{11334B1A-F7C7-43A7-85C8-5E76925E7B8D}.Debug|Any CPU.ActiveCfg = Debug|Any CPU
		{11334B1A-F7C7-43A7-85C8-5E76925E7B8D}.Debug|Any CPU.Build.0 = Debug|Any CPU
		{11334B1A-F7C7-43A7-85C8-5E76925E7B8D}.Release|Any CPU.ActiveCfg = Release|Any CPU
		{11334B1A-F7C7-43A7-85C8-5E76925E7B8D}.Release|Any CPU.Build.0 = Release|Any CPU
		{83AFD568-597D-4B67-91E2-AC0888CF1567}.Debug|Any CPU.ActiveCfg = Debug|Any CPU
		{83AFD568-597D-4B67-91E2-AC0888CF1567}.Debug|Any CPU.Build.0 = Debug|Any CPU
		{83AFD568-597D-4B67-91E2-AC0888CF1567}.Release|Any CPU.ActiveCfg = Release|Any CPU
		{83AFD568-597D-4B67-91E2-AC0888CF1567}.Release|Any CPU.Build.0 = Release|Any CPU
		{C331B238-7402-4128-8A60-CCC35936A0D7}.Debug|Any CPU.ActiveCfg = Debug|Any CPU
		{C331B238-7402-4128-8A60-CCC35936A0D7}.Debug|Any CPU.Build.0 = Debug|Any CPU
		{C331B238-7402-4128-8A60-CCC35936A0D7}.Release|Any CPU.ActiveCfg = Release|Any CPU
		{C331B238-7402-4128-8A60-CCC35936A0D7}.Release|Any CPU.Build.0 = Release|Any CPU
		{39407796-5B3D-4524-A347-22684877C334}.Debug|Any CPU.ActiveCfg = Debug|Any CPU
		{39407796-5B3D-4524-A347-22684877C334}.Debug|Any CPU.Build.0 = Debug|Any CPU
		{39407796-5B3D-4524-A347-22684877C334}.Release|Any CPU.ActiveCfg = Release|Any CPU
		{39407796-5B3D-4524-A347-22684877C334}.Release|Any CPU.Build.0 = Release|Any CPU
		{71063584-4BA1-407A-AF64-895AFD80BFA4}.Debug|Any CPU.ActiveCfg = Debug|Any CPU
		{71063584-4BA1-407A-AF64-895AFD80BFA4}.Debug|Any CPU.Build.0 = Debug|Any CPU
		{71063584-4BA1-407A-AF64-895AFD80BFA4}.Release|Any CPU.ActiveCfg = Release|Any CPU
		{71063584-4BA1-407A-AF64-895AFD80BFA4}.Release|Any CPU.Build.0 = Release|Any CPU
		{2C314136-0797-4AA5-9646-E5A1020711AD}.Debug|Any CPU.ActiveCfg = Debug|Any CPU
		{2C314136-0797-4AA5-9646-E5A1020711AD}.Debug|Any CPU.Build.0 = Debug|Any CPU
		{2C314136-0797-4AA5-9646-E5A1020711AD}.Release|Any CPU.ActiveCfg = Release|Any CPU
		{2C314136-0797-4AA5-9646-E5A1020711AD}.Release|Any CPU.Build.0 = Release|Any CPU
		{8C0619AC-355C-48F9-AD7A-DEBFD1DDB1E5}.Debug|Any CPU.ActiveCfg = Debug|Any CPU
		{8C0619AC-355C-48F9-AD7A-DEBFD1DDB1E5}.Debug|Any CPU.Build.0 = Debug|Any CPU
		{8C0619AC-355C-48F9-AD7A-DEBFD1DDB1E5}.Release|Any CPU.ActiveCfg = Release|Any CPU
		{8C0619AC-355C-48F9-AD7A-DEBFD1DDB1E5}.Release|Any CPU.Build.0 = Release|Any CPU
		{3FF808A3-1E19-49B0-81F9-8168CF6BC692}.Debug|Any CPU.ActiveCfg = Debug|Any CPU
		{3FF808A3-1E19-49B0-81F9-8168CF6BC692}.Debug|Any CPU.Build.0 = Debug|Any CPU
		{3FF808A3-1E19-49B0-81F9-8168CF6BC692}.Release|Any CPU.ActiveCfg = Release|Any CPU
		{3FF808A3-1E19-49B0-81F9-8168CF6BC692}.Release|Any CPU.Build.0 = Release|Any CPU
		{C853FE5A-E6A9-4C85-B9C0-B07CE7873EF4}.Debug|Any CPU.ActiveCfg = Debug|Any CPU
		{C853FE5A-E6A9-4C85-B9C0-B07CE7873EF4}.Debug|Any CPU.Build.0 = Debug|Any CPU
		{C853FE5A-E6A9-4C85-B9C0-B07CE7873EF4}.Release|Any CPU.ActiveCfg = Release|Any CPU
		{C853FE5A-E6A9-4C85-B9C0-B07CE7873EF4}.Release|Any CPU.Build.0 = Release|Any CPU
		{FF6E274B-FA3A-40EE-A4F8-2EB1D631BF47}.Debug|Any CPU.ActiveCfg = Debug|Any CPU
		{FF6E274B-FA3A-40EE-A4F8-2EB1D631BF47}.Debug|Any CPU.Build.0 = Debug|Any CPU
		{FF6E274B-FA3A-40EE-A4F8-2EB1D631BF47}.Release|Any CPU.ActiveCfg = Release|Any CPU
		{FF6E274B-FA3A-40EE-A4F8-2EB1D631BF47}.Release|Any CPU.Build.0 = Release|Any CPU
		{613E180C-A08D-4532-942A-66D6416FCC37}.Debug|Any CPU.ActiveCfg = Debug|Any CPU
		{613E180C-A08D-4532-942A-66D6416FCC37}.Debug|Any CPU.Build.0 = Debug|Any CPU
		{613E180C-A08D-4532-942A-66D6416FCC37}.Release|Any CPU.ActiveCfg = Release|Any CPU
		{613E180C-A08D-4532-942A-66D6416FCC37}.Release|Any CPU.Build.0 = Release|Any CPU
		{8107E4BE-A95D-43D1-8D8C-4F5E706A8C3E}.Debug|Any CPU.ActiveCfg = Debug|Any CPU
		{8107E4BE-A95D-43D1-8D8C-4F5E706A8C3E}.Debug|Any CPU.Build.0 = Debug|Any CPU
		{8107E4BE-A95D-43D1-8D8C-4F5E706A8C3E}.Release|Any CPU.ActiveCfg = Release|Any CPU
		{8107E4BE-A95D-43D1-8D8C-4F5E706A8C3E}.Release|Any CPU.Build.0 = Release|Any CPU
		{97DA01A0-144C-4804-A31A-564D4F72D868}.Debug|Any CPU.ActiveCfg = Debug|Any CPU
		{97DA01A0-144C-4804-A31A-564D4F72D868}.Debug|Any CPU.Build.0 = Debug|Any CPU
		{97DA01A0-144C-4804-A31A-564D4F72D868}.Release|Any CPU.ActiveCfg = Release|Any CPU
		{97DA01A0-144C-4804-A31A-564D4F72D868}.Release|Any CPU.Build.0 = Release|Any CPU
		{23B8BD50-1FC1-4947-9608-8BA0D46B8424}.Debug|Any CPU.ActiveCfg = Debug|Any CPU
		{23B8BD50-1FC1-4947-9608-8BA0D46B8424}.Debug|Any CPU.Build.0 = Debug|Any CPU
		{23B8BD50-1FC1-4947-9608-8BA0D46B8424}.Release|Any CPU.ActiveCfg = Release|Any CPU
		{23B8BD50-1FC1-4947-9608-8BA0D46B8424}.Release|Any CPU.Build.0 = Release|Any CPU
		{F893BEA5-0723-493F-91E7-453529672D93}.Debug|Any CPU.ActiveCfg = Debug|Any CPU
		{F893BEA5-0723-493F-91E7-453529672D93}.Debug|Any CPU.Build.0 = Debug|Any CPU
		{F893BEA5-0723-493F-91E7-453529672D93}.Release|Any CPU.ActiveCfg = Release|Any CPU
		{F893BEA5-0723-493F-91E7-453529672D93}.Release|Any CPU.Build.0 = Release|Any CPU
		{4AC4049E-E43D-4B44-B50C-B856EBC9B844}.Debug|Any CPU.ActiveCfg = Debug|Any CPU
		{4AC4049E-E43D-4B44-B50C-B856EBC9B844}.Debug|Any CPU.Build.0 = Debug|Any CPU
		{4AC4049E-E43D-4B44-B50C-B856EBC9B844}.Release|Any CPU.ActiveCfg = Release|Any CPU
		{4AC4049E-E43D-4B44-B50C-B856EBC9B844}.Release|Any CPU.Build.0 = Release|Any CPU
		{E2FAE390-DD7B-45EA-A404-B0C374E4DCE9}.Debug|Any CPU.ActiveCfg = Debug|Any CPU
		{E2FAE390-DD7B-45EA-A404-B0C374E4DCE9}.Debug|Any CPU.Build.0 = Debug|Any CPU
		{E2FAE390-DD7B-45EA-A404-B0C374E4DCE9}.Release|Any CPU.ActiveCfg = Release|Any CPU
		{E2FAE390-DD7B-45EA-A404-B0C374E4DCE9}.Release|Any CPU.Build.0 = Release|Any CPU
		{7E37200A-51CC-4FCC-9F07-0CE674EE54EB}.Debug|Any CPU.ActiveCfg = Debug|Any CPU
		{7E37200A-51CC-4FCC-9F07-0CE674EE54EB}.Debug|Any CPU.Build.0 = Debug|Any CPU
		{7E37200A-51CC-4FCC-9F07-0CE674EE54EB}.Release|Any CPU.ActiveCfg = Release|Any CPU
		{7E37200A-51CC-4FCC-9F07-0CE674EE54EB}.Release|Any CPU.Build.0 = Release|Any CPU
	EndGlobalSection
	GlobalSection(SolutionProperties) = preSolution
		HideSolutionNode = FALSE
	EndGlobalSection
	GlobalSection(ExtensibilityGlobals) = postSolution
		SolutionGuid = {30ECCCCF-CB03-492F-BDDA-2DFA019EF067}
	EndGlobalSection
EndGlobal
